{
  "nodes": {
    "flake-utils": {
      "inputs": {
        "systems": "systems"
      },
      "locked": {
        "lastModified": 1701680307,
        "narHash": "sha256-kAuep2h5ajznlPMD9rnQyffWG8EM/C73lejGofXvdM8=",
        "owner": "numtide",
        "repo": "flake-utils",
        "rev": "4022d587cbbfd70fe950c1e2083a02621806a725",
        "type": "github"
      },
      "original": {
        "owner": "numtide",
        "repo": "flake-utils",
        "type": "github"
      }
    },
    "naersk": {
      "inputs": {
        "nixpkgs": "nixpkgs"
      },
      "locked": {
        "lastModified": 1698420672,
        "narHash": "sha256-/TdeHMPRjjdJub7p7+w55vyABrsJlt5QkznPYy55vKA=",
        "owner": "nix-community",
        "repo": "naersk",
        "rev": "aeb58d5e8faead8980a807c840232697982d47b9",
        "type": "github"
      },
      "original": {
        "owner": "nix-community",
        "repo": "naersk",
        "type": "github"
      }
    },
    "naersk_2": {
      "inputs": {
        "nixpkgs": "nixpkgs_3"
      },
      "locked": {
        "lastModified": 1679567394,
        "narHash": "sha256-ZvLuzPeARDLiQUt6zSZFGOs+HZmE+3g4QURc8mkBsfM=",
        "owner": "nix-community",
        "repo": "naersk",
        "rev": "88cd22380154a2c36799fe8098888f0f59861a15",
        "type": "github"
      },
      "original": {
        "owner": "nix-community",
        "repo": "naersk",
        "type": "github"
      }
    },
    "nixpkgs": {
      "locked": {
        "lastModified": 1701861573,
        "narHash": "sha256-9mZL4N+G/iAADDdR6vKDFwiweYLO8hAmjnDHvfVhYCY=",
        "owner": "NixOS",
        "repo": "nixpkgs",
        "rev": "325eb628b89b9a8183256f62d017bfb499b19bd9",
        "type": "github"
      },
      "original": {
        "id": "nixpkgs",
        "type": "indirect"
      }
    },
    "nixpkgs_2": {
      "locked": {
        "lastModified": 1701861573,
        "narHash": "sha256-9mZL4N+G/iAADDdR6vKDFwiweYLO8hAmjnDHvfVhYCY=",
        "owner": "NixOS",
        "repo": "nixpkgs",
        "rev": "325eb628b89b9a8183256f62d017bfb499b19bd9",
        "type": "github"
      },
      "original": {
        "owner": "NixOS",
        "ref": "nixpkgs-unstable",
        "repo": "nixpkgs",
        "type": "github"
      }
    },
    "nixpkgs_3": {
      "locked": {
        "lastModified": 0,
        "narHash": "sha256-eOnCn0o3I6LP48fAi8xWFcn49V2rL7oX5jCtJTeN1LI=",
        "path": "/nix/store/jcb1zr0g47d0cd13jfvg64fwczy2cfd7-source",
        "type": "path"
      },
      "original": {
        "id": "nixpkgs",
        "type": "indirect"
      }
    },
    "nixpkgs_4": {
      "locked": {
        "lastModified": 0,
        "narHash": "sha256-eOnCn0o3I6LP48fAi8xWFcn49V2rL7oX5jCtJTeN1LI=",
        "path": "/nix/store/jcb1zr0g47d0cd13jfvg64fwczy2cfd7-source",
        "type": "path"
      },
      "original": {
        "id": "nixpkgs",
        "type": "indirect"
      }
    },
    "ravedude": {
      "inputs": {
        "naersk": "naersk_2",
        "nixpkgs": "nixpkgs_4",
        "utils": "utils"
      },
      "locked": {
        "dir": "ravedude",
        "lastModified": 1700780625,
        "narHash": "sha256-L4eS0AaMQr87quB5owQr7cqb5KSAu5C9T/wDy/HViPg=",
        "owner": "Rahix",
        "repo": "avr-hal",
        "rev": "1a0040dc07d37054ccaa93d43a9d2db5f46da3b2",
        "type": "github"
      },
      "original": {
        "dir": "ravedude",
        "owner": "Rahix",
        "repo": "avr-hal",
        "type": "github"
      }
    },
    "root": {
      "inputs": {
        "flake-utils": "flake-utils",
        "naersk": "naersk",
        "nixpkgs": "nixpkgs_2",
        "ravedude": "ravedude"
      }
    },
    "systems": {
      "locked": {
        "lastModified": 1681028828,
        "narHash": "sha256-Vy1rq5AaRuLzOxct8nz4T6wlgyUR7zLU309k9mBC768=",
        "owner": "nix-systems",
        "repo": "default",
        "rev": "da67096a3b9bf56a91d16901293e51ba5b49a27e",
        "type": "github"
      },
      "original": {
        "owner": "nix-systems",
        "repo": "default",
        "type": "github"
      }
    },
    "utils": {
      "locked": {
        "lastModified": 1680776469,
        "narHash": "sha256-3CXUDK/3q/kieWtdsYpDOBJw3Gw4Af6x+2EiSnIkNQw=",
        "owner": "numtide",
        "repo": "flake-utils",
        "rev": "411e8764155aa9354dbcd6d5faaeb97e9e3dce24",
        "type": "github"
      },
      "original": {
        "owner": "numtide",
        "repo": "flake-utils",
        "type": "github"
      }
    }
  },
  "root": "root",
  "version": 7
}
